{
  "name": "wis-visualization",
  "version": "1.0.0",
  "lockfileVersion": 2,
  "requires": true,
  "packages": {
    "": {
      "name": "wis-visualization",
      "version": "1.0.0",
      "license": "ISC",
      "dependencies": {
        "webflik": "file:webflik-0.12.0.tgz"
      },
      "devDependencies": {
        "typescript": "^5.0.4"
      }
    },
    "node_modules/typescript": {
      "version": "5.0.4",
      "resolved": "https://registry.npmjs.org/typescript/-/typescript-5.0.4.tgz",
      "integrity": "sha512-cW9T5W9xY37cc+jfEnaUvX91foxtHkza3Nw3wkoF4sSlKn0MONdkdEndig/qPBWXNkmplh3NzayQzCiHM4/hqw==",
      "dev": true,
      "bin": {
        "tsc": "bin/tsc",
        "tsserver": "bin/tsserver"
      },
      "engines": {
        "node": ">=12.20"
      }
    },
    "node_modules/webflik": {
      "version": "0.12.0",
      "resolved": "file:webflik-0.12.0.tgz",
      "integrity": "sha512-b3O674qndzMBlZi61rvngWNBQj7B0Y5IJPhanQHNAt/S2Xa1L/uQMpA6Pt3yfG18csKDYDbiF/Pev25gH6kBJA==",
      "license": "ISC"
    }
  },
  "dependencies": {
    "typescript": {
      "version": "5.0.4",
      "resolved": "https://registry.npmjs.org/typescript/-/typescript-5.0.4.tgz",
      "integrity": "sha512-cW9T5W9xY37cc+jfEnaUvX91foxtHkza3Nw3wkoF4sSlKn0MONdkdEndig/qPBWXNkmplh3NzayQzCiHM4/hqw==",
      "dev": true
    },
    "webflik": {
      "version": "file:webflik-0.12.0.tgz",
      "integrity": "sha512-b3O674qndzMBlZi61rvngWNBQj7B0Y5IJPhanQHNAt/S2Xa1L/uQMpA6Pt3yfG18csKDYDbiF/Pev25gH6kBJA=="
    }
  }
}
